
Microsoft Visual Studio Solution File, Format Version 12.00
# Visual Studio Version 17
VisualStudioVersion = 17.6.33815.320
MinimumVisualStudioVersion = 10.0.40219.1
Project("{FAE04EC0-301F-11D3-BF4B-00C04F79EFBC}") = "Seabattle", "Seabattle\Seabattle.csproj", "{DEE2FE21-68AA-4464-A403-89703BD4C8CA}"
EndProject
Global
	GlobalSection(SolutionConfigurationPlatforms) = preSolution
		Debug|Any CPU = Debug|Any CPU
		Release|Any CPU = Release|Any CPU
	EndGlobalSection
	GlobalSection(ProjectConfigurationPlatforms) = postSolution
		{DEE2FE21-68AA-4464-A403-89703BD4C8CA}.Debug|Any CPU.ActiveCfg = Debug|Any CPU
		{DEE2FE21-68AA-4464-A403-89703BD4C8CA}.Debug|Any CPU.Build.0 = Debug|Any CPU
		{DEE2FE21-68AA-4464-A403-89703BD4C8CA}.Release|Any CPU.ActiveCfg = Release|Any CPU
		{DEE2FE21-68AA-4464-A403-89703BD4C8CA}.Release|Any CPU.Build.0 = Release|Any CPU
	EndGlobalSection
	GlobalSection(SolutionProperties) = preSolution
		HideSolutionNode = FALSE
	EndGlobalSection
	GlobalSection(ExtensibilityGlobals) = postSolution
		SolutionGuid = {FB19CA9C-DAB6-46E2-8C60-2D9FAFF59852}
	EndGlobalSection
EndGlobal
